
Microsoft Visual Studio Solution File, Format Version 12.00
# Visual Studio Version 17
VisualStudioVersion = 17.0.31903.59
MinimumVisualStudioVersion = 10.0.40219.1
Project("{FAE04EC0-301F-11D3-BF4B-00C04F79EFBC}") = "rfap-cs-lib", "rfap-cs-lib\rfap-cs-lib.csproj", "{BAF21012-051F-49DA-A21D-5C7811E79EAC}"
EndProject
Project("{FAE04EC0-301F-11D3-BF4B-00C04F79EFBC}") = "client-test", "client-test\client-test.csproj", "{57B82C3E-67F6-4D9F-A837-0E6EDA716AE0}"
EndProject
Global
	GlobalSection(SolutionConfigurationPlatforms) = preSolution
		Debug|Any CPU = Debug|Any CPU
		Release|Any CPU = Release|Any CPU
	EndGlobalSection
	GlobalSection(ProjectConfigurationPlatforms) = postSolution
		{BAF21012-051F-49DA-A21D-5C7811E79EAC}.Debug|Any CPU.ActiveCfg = Debug|Any CPU
		{BAF21012-051F-49DA-A21D-5C7811E79EAC}.Debug|Any CPU.Build.0 = Debug|Any CPU
		{BAF21012-051F-49DA-A21D-5C7811E79EAC}.Release|Any CPU.ActiveCfg = Release|Any CPU
		{BAF21012-051F-49DA-A21D-5C7811E79EAC}.Release|Any CPU.Build.0 = Release|Any CPU
		{57B82C3E-67F6-4D9F-A837-0E6EDA716AE0}.Debug|Any CPU.ActiveCfg = Debug|Any CPU
		{57B82C3E-67F6-4D9F-A837-0E6EDA716AE0}.Debug|Any CPU.Build.0 = Debug|Any CPU
		{57B82C3E-67F6-4D9F-A837-0E6EDA716AE0}.Release|Any CPU.ActiveCfg = Release|Any CPU
		{57B82C3E-67F6-4D9F-A837-0E6EDA716AE0}.Release|Any CPU.Build.0 = Release|Any CPU
	EndGlobalSection
	GlobalSection(SolutionProperties) = preSolution
		HideSolutionNode = FALSE
	EndGlobalSection
	GlobalSection(ExtensibilityGlobals) = postSolution
		SolutionGuid = {CA64E382-B026-4535-82C6-5D9EA28C3436}
	EndGlobalSection
EndGlobal
